
Microsoft Visual Studio Solution File, Format Version 12.00
# Visual Studio Version 17
VisualStudioVersion = 17.9.34622.214
MinimumVisualStudioVersion = 10.0.40219.1
Project("{9A19103F-16F7-4668-BE54-9A1E7A4F7556}") = "WorldCities.Server", "WorldCities.Server.csproj", "{46846216-4C74-43A1-B95C-4649F6986FE9}"
EndProject
Global
	GlobalSection(SolutionConfigurationPlatforms) = preSolution
		Debug|Any CPU = Debug|Any CPU
		Release|Any CPU = Release|Any CPU
	EndGlobalSection
	GlobalSection(ProjectConfigurationPlatforms) = postSolution
		{46846216-4C74-43A1-B95C-4649F6986FE9}.Debug|Any CPU.ActiveCfg = Debug|Any CPU
		{46846216-4C74-43A1-B95C-4649F6986FE9}.Debug|Any CPU.Build.0 = Debug|Any CPU
		{46846216-4C74-43A1-B95C-4649F6986FE9}.Release|Any CPU.ActiveCfg = Release|Any CPU
		{46846216-4C74-43A1-B95C-4649F6986FE9}.Release|Any CPU.Build.0 = Release|Any CPU
	EndGlobalSection
	GlobalSection(SolutionProperties) = preSolution
		HideSolutionNode = FALSE
	EndGlobalSection
	GlobalSection(ExtensibilityGlobals) = postSolution
		SolutionGuid = {EE270B6F-CD11-4E82-90F5-405E0E8FA112}
	EndGlobalSection
EndGlobal
